
Microsoft Visual Studio Solution File, Format Version 10.00
# Visual Studio 2008
Project("{D183A3D8-5FD8-494B-B014-37F57B35E655}") = "MSOW_Insurance_Update", "MSOW_Insurance_Update\MSOW_Insurance_Update.dtproj", "{4DF1F44D-025B-46F4-94D2-F2FD56707CFE}"
EndProject
Global
	GlobalSection(SolutionConfigurationPlatforms) = preSolution
		Development|Default = Development|Default
	EndGlobalSection
	GlobalSection(ProjectConfigurationPlatforms) = postSolution
		{4DF1F44D-025B-46F4-94D2-F2FD56707CFE}.Development|Default.ActiveCfg = Development
		{4DF1F44D-025B-46F4-94D2-F2FD56707CFE}.Development|Default.Build.0 = Development
	EndGlobalSection
	GlobalSection(SolutionProperties) = preSolution
		HideSolutionNode = FALSE
	EndGlobalSection
EndGlobal
