
Microsoft Visual Studio Solution File, Format Version 12.00
# Visual Studio 2012
Project("{159641D6-6404-4A2A-AE62-294DE0FE8301}") = "DBA_DBITS_Sync", "DBA_DBITS_Sync\DBA_DBITS_Sync.dtproj", "{12D2E4D6-FFAA-4377-B55F-97140B457291}"
EndProject
Global
	GlobalSection(SolutionConfigurationPlatforms) = preSolution
		Development|Default = Development|Default
	EndGlobalSection
	GlobalSection(ProjectConfigurationPlatforms) = postSolution
		{12D2E4D6-FFAA-4377-B55F-97140B457291}.Development|Default.ActiveCfg = Development
		{12D2E4D6-FFAA-4377-B55F-97140B457291}.Development|Default.Build.0 = Development
	EndGlobalSection
	GlobalSection(SolutionProperties) = preSolution
		HideSolutionNode = FALSE
	EndGlobalSection
EndGlobal
