
Microsoft Visual Studio Solution File, Format Version 12.00
# Visual Studio 2012
Project("{159641D6-6404-4A2A-AE62-294DE0FE8301}") = "PULL Emp - ZPER_POOL_INTERFACE_MV", "PULL Emp - ZPER_POOL_INTERFACE_MV\PULL Emp - ZPER_POOL_INTERFACE_MV.dtproj", "{1A3FFF46-D221-4388-A8AE-BE40BF158185}"
EndProject
Global
	GlobalSection(SolutionConfigurationPlatforms) = preSolution
		Development|Default = Development|Default
	EndGlobalSection
	GlobalSection(ProjectConfigurationPlatforms) = postSolution
		{1A3FFF46-D221-4388-A8AE-BE40BF158185}.Development|Default.ActiveCfg = Development
		{1A3FFF46-D221-4388-A8AE-BE40BF158185}.Development|Default.Build.0 = Development
	EndGlobalSection
	GlobalSection(SolutionProperties) = preSolution
		HideSolutionNode = FALSE
	EndGlobalSection
EndGlobal
