
Microsoft Visual Studio Solution File, Format Version 12.00
# Visual Studio 2012
Project("{159641D6-6404-4A2A-AE62-294DE0FE8301}") = "Service Manager Contacts-simple", "Service Manager Contacts-simple\Service Manager Contacts-simple.dtproj", "{64095E42-0DE7-4967-80F1-1BA6D65D877C}"
EndProject
Global
	GlobalSection(SolutionConfigurationPlatforms) = preSolution
		Development|Default = Development|Default
	EndGlobalSection
	GlobalSection(ProjectConfigurationPlatforms) = postSolution
		{64095E42-0DE7-4967-80F1-1BA6D65D877C}.Development|Default.ActiveCfg = Development
		{64095E42-0DE7-4967-80F1-1BA6D65D877C}.Development|Default.Build.0 = Development
	EndGlobalSection
	GlobalSection(SolutionProperties) = preSolution
		HideSolutionNode = FALSE
	EndGlobalSection
EndGlobal
