
Microsoft Visual Studio Solution File, Format Version 12.00
# Visual Studio 2012
Project("{159641D6-6404-4A2A-AE62-294DE0FE8301}") = "AD User Accounts", "DBA User AD Accounts\AD User Accounts.dtproj", "{5DB366DB-F93D-42C9-A41B-2EE4EA909368}"
EndProject
Global
	GlobalSection(SolutionConfigurationPlatforms) = preSolution
		Development|Default = Development|Default
	EndGlobalSection
	GlobalSection(ProjectConfigurationPlatforms) = postSolution
		{5DB366DB-F93D-42C9-A41B-2EE4EA909368}.Development|Default.ActiveCfg = Development
		{5DB366DB-F93D-42C9-A41B-2EE4EA909368}.Development|Default.Build.0 = Development
	EndGlobalSection
	GlobalSection(SolutionProperties) = preSolution
		HideSolutionNode = FALSE
	EndGlobalSection
EndGlobal
