
Microsoft Visual Studio Solution File, Format Version 12.00
# Visual Studio 2012
Project("{159641D6-6404-4A2A-AE62-294DE0FE8301}") = "ThePool EMP Pump", "ThePool EMP Pump\ThePool EMP Pump.dtproj", "{9B185397-9577-4C7C-969E-0CA6238A76B2}"
EndProject
Global
	GlobalSection(SolutionConfigurationPlatforms) = preSolution
		Development|Default = Development|Default
	EndGlobalSection
	GlobalSection(ProjectConfigurationPlatforms) = postSolution
		{9B185397-9577-4C7C-969E-0CA6238A76B2}.Development|Default.ActiveCfg = Development
		{9B185397-9577-4C7C-969E-0CA6238A76B2}.Development|Default.Build.0 = Development
	EndGlobalSection
	GlobalSection(SolutionProperties) = preSolution
		HideSolutionNode = FALSE
	EndGlobalSection
EndGlobal
