
Microsoft Visual Studio Solution File, Format Version 12.00
# Visual Studio 2012
Project("{159641D6-6404-4A2A-AE62-294DE0FE8301}") = "BigBrain STU", "BigBrain STU\BigBrain STU.dtproj", "{4876B0ED-3816-4B94-AAEB-5067602E8BB2}"
EndProject
Global
	GlobalSection(SolutionConfigurationPlatforms) = preSolution
		Development|Default = Development|Default
	EndGlobalSection
	GlobalSection(ProjectConfigurationPlatforms) = postSolution
		{4876B0ED-3816-4B94-AAEB-5067602E8BB2}.Development|Default.ActiveCfg = Development
		{4876B0ED-3816-4B94-AAEB-5067602E8BB2}.Development|Default.Build.0 = Development
	EndGlobalSection
	GlobalSection(SolutionProperties) = preSolution
		HideSolutionNode = FALSE
	EndGlobalSection
EndGlobal
