
Microsoft Visual Studio Solution File, Format Version 12.00
# Visual Studio 2012
Project("{159641D6-6404-4A2A-AE62-294DE0FE8301}") = "SQL Jobs", "DBA PULL SQL Jobs\SQL Jobs.dtproj", "{665281E4-20C2-4CA7-A6A5-FCD5507EB4B6}"
EndProject
Global
	GlobalSection(SolutionConfigurationPlatforms) = preSolution
		Development|Default = Development|Default
	EndGlobalSection
	GlobalSection(ProjectConfigurationPlatforms) = postSolution
		{665281E4-20C2-4CA7-A6A5-FCD5507EB4B6}.Development|Default.ActiveCfg = Development
		{665281E4-20C2-4CA7-A6A5-FCD5507EB4B6}.Development|Default.Build.0 = Development
	EndGlobalSection
	GlobalSection(SolutionProperties) = preSolution
		HideSolutionNode = FALSE
	EndGlobalSection
EndGlobal
