
Microsoft Visual Studio Solution File, Format Version 12.00
# Visual Studio 2012
Project("{159641D6-6404-4A2A-AE62-294DE0FE8301}") = "MySQL Proof of Concept", "MySQL Proof of Concept\MySQL Proof of Concept.dtproj", "{686B42AB-D7AE-4768-9240-117A69C366D4}"
EndProject
Global
	GlobalSection(SolutionConfigurationPlatforms) = preSolution
		Development|Default = Development|Default
	EndGlobalSection
	GlobalSection(ProjectConfigurationPlatforms) = postSolution
		{686B42AB-D7AE-4768-9240-117A69C366D4}.Development|Default.ActiveCfg = Development
		{686B42AB-D7AE-4768-9240-117A69C366D4}.Development|Default.Build.0 = Development
	EndGlobalSection
	GlobalSection(SolutionProperties) = preSolution
		HideSolutionNode = FALSE
	EndGlobalSection
EndGlobal
