
Microsoft Visual Studio Solution File, Format Version 12.00
# Visual Studio 2012
Project("{159641D6-6404-4A2A-AE62-294DE0FE8301}") = "SQL Service Accounts", "Pull SQL Service Accounts\SQL Service Accounts.dtproj", "{910A06ED-48C0-46B9-BC36-E78B0C8B4A3D}"
EndProject
Global
	GlobalSection(SolutionConfigurationPlatforms) = preSolution
		Development|Default = Development|Default
	EndGlobalSection
	GlobalSection(ProjectConfigurationPlatforms) = postSolution
		{910A06ED-48C0-46B9-BC36-E78B0C8B4A3D}.Development|Default.ActiveCfg = Development
		{910A06ED-48C0-46B9-BC36-E78B0C8B4A3D}.Development|Default.Build.0 = Development
	EndGlobalSection
	GlobalSection(SolutionProperties) = preSolution
		HideSolutionNode = FALSE
	EndGlobalSection
EndGlobal
