
Microsoft Visual Studio Solution File, Format Version 12.00
# Visual Studio 2012
Project("{159641D6-6404-4A2A-AE62-294DE0FE8301}") = "DBA DBOwner Pull", "DBA DBOwner Pull\DBA DBOwner Pull.dtproj", "{40542680-E16A-4818-B2BE-5686AB7E6675}"
EndProject
Global
	GlobalSection(SolutionConfigurationPlatforms) = preSolution
		Development|Default = Development|Default
	EndGlobalSection
	GlobalSection(ProjectConfigurationPlatforms) = postSolution
		{40542680-E16A-4818-B2BE-5686AB7E6675}.Development|Default.ActiveCfg = Development
		{40542680-E16A-4818-B2BE-5686AB7E6675}.Development|Default.Build.0 = Development
	EndGlobalSection
	GlobalSection(SolutionProperties) = preSolution
		HideSolutionNode = FALSE
	EndGlobalSection
EndGlobal
