
Microsoft Visual Studio Solution File, Format Version 12.00
# Visual Studio 2012
Project("{159641D6-6404-4A2A-AE62-294DE0FE8301}") = "Tamtron to OCTRIDEV - vw_case_result", "Tamtron to OCTRIDEV - vw_case_result\Tamtron to OCTRIDEV - vw_case_result.dtproj", "{5975337F-594D-4C1E-8FBF-8472E977C16B}"
EndProject
Global
	GlobalSection(SolutionConfigurationPlatforms) = preSolution
		Development|Default = Development|Default
	EndGlobalSection
	GlobalSection(ProjectConfigurationPlatforms) = postSolution
		{5975337F-594D-4C1E-8FBF-8472E977C16B}.Development|Default.ActiveCfg = Development
		{5975337F-594D-4C1E-8FBF-8472E977C16B}.Development|Default.Build.0 = Development
	EndGlobalSection
	GlobalSection(SolutionProperties) = preSolution
		HideSolutionNode = FALSE
	EndGlobalSection
EndGlobal
