
Microsoft Visual Studio Solution File, Format Version 12.00
# Visual Studio 2012
Project("{159641D6-6404-4A2A-AE62-294DE0FE8301}") = "Tamtron_to_OCTRI", "Tamtron_to_OCTRI\Tamtron_to_OCTRI.dtproj", "{47DF4C32-67AF-4D88-8D64-8A6A67EA9B68}"
EndProject
Global
	GlobalSection(SolutionConfigurationPlatforms) = preSolution
		Development|Default = Development|Default
	EndGlobalSection
	GlobalSection(ProjectConfigurationPlatforms) = postSolution
		{47DF4C32-67AF-4D88-8D64-8A6A67EA9B68}.Development|Default.ActiveCfg = Development
		{47DF4C32-67AF-4D88-8D64-8A6A67EA9B68}.Development|Default.Build.0 = Development
	EndGlobalSection
	GlobalSection(SolutionProperties) = preSolution
		HideSolutionNode = FALSE
	EndGlobalSection
EndGlobal
